
Microsoft Visual Studio Solution File, Format Version 12.00
# Visual Studio Version 16
VisualStudioVersion = 16.0.30114.105
MinimumVisualStudioVersion = 10.0.40219.1
Project("{FAE04EC0-301F-11D3-BF4B-00C04F79EFBC}") = "ElectronicPatientCard", "ElectronicPatientCard\ElectronicPatientCard.csproj", "{25F6160A-364F-4FD2-9619-57CE1F035F81}"
EndProject
Global
	GlobalSection(SolutionConfigurationPlatforms) = preSolution
		Debug|Any CPU = Debug|Any CPU
		Release|Any CPU = Release|Any CPU
	EndGlobalSection
	GlobalSection(ProjectConfigurationPlatforms) = postSolution
		{25F6160A-364F-4FD2-9619-57CE1F035F81}.Debug|Any CPU.ActiveCfg = Debug|Any CPU
		{25F6160A-364F-4FD2-9619-57CE1F035F81}.Debug|Any CPU.Build.0 = Debug|Any CPU
		{25F6160A-364F-4FD2-9619-57CE1F035F81}.Release|Any CPU.ActiveCfg = Release|Any CPU
		{25F6160A-364F-4FD2-9619-57CE1F035F81}.Release|Any CPU.Build.0 = Release|Any CPU
	EndGlobalSection
	GlobalSection(SolutionProperties) = preSolution
		HideSolutionNode = FALSE
	EndGlobalSection
	GlobalSection(ExtensibilityGlobals) = postSolution
		SolutionGuid = {4803F1FC-7975-49BD-8ADC-B9AD4A6071A7}
	EndGlobalSection
EndGlobal
